lockfileVersion: '9.0'

settings:
  autoInstallPeers: true
  excludeLinksFromLockfile: false

importers:

  .:
    dependencies:
      '@hono/node-server':
        specifier: ^2.0.0
        version: 2.0.0(hono@4.12.15)
      hono:
        specifier: ^4.12.12
        version: 4.12.15

packages:

  '@hono/node-server@2.0.0':
    resolution: {integrity: sha512-n3GfHwwCvHCkGmOwKfxUPOlbfzuO64Sbc5XC4NGPIXxkuOnJrdgExdRKmHfF924r914WRJPT397GdqLvdYTeyQ==}
    engines: {node: '>=20'}
    peerDependencies:
      hono: ^4

  hono@4.12.15:
    resolution: {integrity: sha512-qM0jDhFEaCBb4TxoW7f53Qrpv9RBiayUHo0S52JudprkhvpjIrGoU1mnnr29Fvd1U335ZFPZQY1wlkqgfGXyLg==}
    engines: {node: '>=16.9.0'}

snapshots:

  '@hono/node-server@2.0.0(hono@4.12.15)':
    dependencies:
      hono: 4.12.15

  hono@4.12.15: {}
